
Microsoft Visual Studio Solution File, Format Version 12.00
# Visual Studio Version 17
VisualStudioVersion = 17.11.35219.272
MinimumVisualStudioVersion = 10.0.40219.1
Project("{FAE04EC0-301F-11D3-BF4B-00C04F79EFBC}") = "Project1_AdonetCustomer", "Project1_AdonetCustomer\Project1_AdonetCustomer.csproj", "{E30B3B25-2476-44E6-A87A-542F9027AC4B}"
EndProject
Project("{FAE04EC0-301F-11D3-BF4B-00C04F79EFBC}") = "Project2_EntityFrameworkDbFirstProduct", "Project2_EntityFrameworkDbFirstProduct\Project2_EntityFrameworkDbFirstProduct.csproj", "{723F55D1-F417-41F5-B5A9-F0CD6D0021AA}"
EndProject
Project("{FAE04EC0-301F-11D3-BF4B-00C04F79EFBC}") = "Project3_EntityFrameworkStatistics", "Project3_EntityFrameworkStatistics\Project3_EntityFrameworkStatistics.csproj", "{8479892C-81E1-49A1-A15F-7C40F5860B2F}"
EndProject
Project("{FAE04EC0-301F-11D3-BF4B-00C04F79EFBC}") = "Project4_EntityFrameworkMovieCodeFirst", "Project4_EntityFrameworkMovieCodeFirst\Project4_EntityFrameworkMovieCodeFirst.csproj", "{5D9D12F7-DA70-451A-93B1-E6A8AA22B429}"
EndProject
Project("{FAE04EC0-301F-11D3-BF4B-00C04F79EFBC}") = "Project5_DapperNorthwind", "Project5_DapperNorthwind\Project5_DapperNorthwind.csproj", "{47A33767-47C7-452B-BD36-FE3F7B966CFC}"
EndProject
Project("{9A19103F-16F7-4668-BE54-9A1E7A4F7556}") = "Project6_ApiWeather", "Project6_ApiWeather\Project6_ApiWeather.csproj", "{F29686B6-5D88-4E55-B1CC-00E68F20CD61}"
EndProject
Project("{9A19103F-16F7-4668-BE54-9A1E7A4F7556}") = "Project7_ApiWeatherConsume", "Project7_ApiWeatherConsume\Project7_ApiWeatherConsume.csproj", "{C7FA1822-F648-473F-A0D6-2B96A2A3909E}"
EndProject
Project("{FAE04EC0-301F-11D3-BF4B-00C04F79EFBC}") = "Prooject8_RapidApiCurrency", "Prooject8_RapidApiCurrency\Prooject8_RapidApiCurrency.csproj", "{5C6A20C1-272B-442C-A53D-C4F93180A736}"
EndProject
Project("{FAE04EC0-301F-11D3-BF4B-00C04F79EFBC}") = "Project9_MongoDbOrder", "Project9_MongoDbOrder\Project9_MongoDbOrder.csproj", "{D1AE0312-52FB-4F8A-86E9-B349D642481E}"
EndProject
Project("{FAE04EC0-301F-11D3-BF4B-00C04F79EFBC}") = "Project10_PostgreSQLToDoListApp", "Project10_PostgreSQLToDoListApp\Project10_PostgreSQLToDoListApp.csproj", "{FEB8217A-8D6C-4106-8AB3-893C187164D0}"
EndProject
Global
	GlobalSection(SolutionConfigurationPlatforms) = preSolution
		Debug|Any CPU = Debug|Any CPU
		Release|Any CPU = Release|Any CPU
	EndGlobalSection
	GlobalSection(ProjectConfigurationPlatforms) = postSolution
		{E30B3B25-2476-44E6-A87A-542F9027AC4B}.Debug|Any CPU.ActiveCfg = Debug|Any CPU
		{E30B3B25-2476-44E6-A87A-542F9027AC4B}.Debug|Any CPU.Build.0 = Debug|Any CPU
		{E30B3B25-2476-44E6-A87A-542F9027AC4B}.Release|Any CPU.ActiveCfg = Release|Any CPU
		{E30B3B25-2476-44E6-A87A-542F9027AC4B}.Release|Any CPU.Build.0 = Release|Any CPU
		{723F55D1-F417-41F5-B5A9-F0CD6D0021AA}.Debug|Any CPU.ActiveCfg = Debug|Any CPU
		{723F55D1-F417-41F5-B5A9-F0CD6D0021AA}.Debug|Any CPU.Build.0 = Debug|Any CPU
		{723F55D1-F417-41F5-B5A9-F0CD6D0021AA}.Release|Any CPU.ActiveCfg = Release|Any CPU
		{723F55D1-F417-41F5-B5A9-F0CD6D0021AA}.Release|Any CPU.Build.0 = Release|Any CPU
		{8479892C-81E1-49A1-A15F-7C40F5860B2F}.Debug|Any CPU.ActiveCfg = Debug|Any CPU
		{8479892C-81E1-49A1-A15F-7C40F5860B2F}.Debug|Any CPU.Build.0 = Debug|Any CPU
		{8479892C-81E1-49A1-A15F-7C40F5860B2F}.Release|Any CPU.ActiveCfg = Release|Any CPU
		{8479892C-81E1-49A1-A15F-7C40F5860B2F}.Release|Any CPU.Build.0 = Release|Any CPU
		{5D9D12F7-DA70-451A-93B1-E6A8AA22B429}.Debug|Any CPU.ActiveCfg = Debug|Any CPU
		{5D9D12F7-DA70-451A-93B1-E6A8AA22B429}.Debug|Any CPU.Build.0 = Debug|Any CPU
		{5D9D12F7-DA70-451A-93B1-E6A8AA22B429}.Release|Any CPU.ActiveCfg = Release|Any CPU
		{5D9D12F7-DA70-451A-93B1-E6A8AA22B429}.Release|Any CPU.Build.0 = Release|Any CPU
		{47A33767-47C7-452B-BD36-FE3F7B966CFC}.Debug|Any CPU.ActiveCfg = Debug|Any CPU
		{47A33767-47C7-452B-BD36-FE3F7B966CFC}.Debug|Any CPU.Build.0 = Debug|Any CPU
		{47A33767-47C7-452B-BD36-FE3F7B966CFC}.Release|Any CPU.ActiveCfg = Release|Any CPU
		{47A33767-47C7-452B-BD36-FE3F7B966CFC}.Release|Any CPU.Build.0 = Release|Any CPU
		{F29686B6-5D88-4E55-B1CC-00E68F20CD61}.Debug|Any CPU.ActiveCfg = Debug|Any CPU
		{F29686B6-5D88-4E55-B1CC-00E68F20CD61}.Debug|Any CPU.Build.0 = Debug|Any CPU
		{F29686B6-5D88-4E55-B1CC-00E68F20CD61}.Release|Any CPU.ActiveCfg = Release|Any CPU
		{F29686B6-5D88-4E55-B1CC-00E68F20CD61}.Release|Any CPU.Build.0 = Release|Any CPU
		{C7FA1822-F648-473F-A0D6-2B96A2A3909E}.Debug|Any CPU.ActiveCfg = Debug|Any CPU
		{C7FA1822-F648-473F-A0D6-2B96A2A3909E}.Debug|Any CPU.Build.0 = Debug|Any CPU
		{C7FA1822-F648-473F-A0D6-2B96A2A3909E}.Release|Any CPU.ActiveCfg = Release|Any CPU
		{C7FA1822-F648-473F-A0D6-2B96A2A3909E}.Release|Any CPU.Build.0 = Release|Any CPU
		{5C6A20C1-272B-442C-A53D-C4F93180A736}.Debug|Any CPU.ActiveCfg = Debug|Any CPU
		{5C6A20C1-272B-442C-A53D-C4F93180A736}.Debug|Any CPU.Build.0 = Debug|Any CPU
		{5C6A20C1-272B-442C-A53D-C4F93180A736}.Release|Any CPU.ActiveCfg = Release|Any CPU
		{5C6A20C1-272B-442C-A53D-C4F93180A736}.Release|Any CPU.Build.0 = Release|Any CPU
		{D1AE0312-52FB-4F8A-86E9-B349D642481E}.Debug|Any CPU.ActiveCfg = Debug|Any CPU
		{D1AE0312-52FB-4F8A-86E9-B349D642481E}.Debug|Any CPU.Build.0 = Debug|Any CPU
		{D1AE0312-52FB-4F8A-86E9-B349D642481E}.Release|Any CPU.ActiveCfg = Release|Any CPU
		{D1AE0312-52FB-4F8A-86E9-B349D642481E}.Release|Any CPU.Build.0 = Release|Any CPU
		{FEB8217A-8D6C-4106-8AB3-893C187164D0}.Debug|Any CPU.ActiveCfg = Debug|Any CPU
		{FEB8217A-8D6C-4106-8AB3-893C187164D0}.Debug|Any CPU.Build.0 = Debug|Any CPU
		{FEB8217A-8D6C-4106-8AB3-893C187164D0}.Release|Any CPU.ActiveCfg = Release|Any CPU
		{FEB8217A-8D6C-4106-8AB3-893C187164D0}.Release|Any CPU.Build.0 = Release|Any CPU
	EndGlobalSection
	GlobalSection(SolutionProperties) = preSolution
		HideSolutionNode = FALSE
	EndGlobalSection
	GlobalSection(ExtensibilityGlobals) = postSolution
		SolutionGuid = {32CDB54F-F787-4A7C-BD94-47A628FF7B92}
	EndGlobalSection
EndGlobal
